// !$*UTF8*$!
{
	archiveVersion = 1;
	classes = {
	};
	objectVersion = 46;
	objects = {

/* Begin PBXBuildFile section */
		F67D331C18D413B5003924C5 /* Cocoa.framework in Frameworks */ = {isa = PBXBuildFile; fileRef = F67D331B18D413B5003924C5 /* Cocoa.framework */; };
		F67D332618D413B5003924C5 /* InfoPlist.strings in Resources */ = {isa = PBXBuildFile; fileRef = F67D332418D413B5003924C5 /* InfoPlist.strings */; };
		F67D332818D413B5003924C5 /* main.m in Sources */ = {isa = PBXBuildFile; fileRef = F67D332718D413B5003924C5 /* main.m */; };
		F67D332C18D413B5003924C5 /* Credits.rtf in Resources */ = {isa = PBXBuildFile; fileRef = F67D332A18D413B5003924C5 /* Credits.rtf */; };
		F67D332F18D413B5003924C5 /* AppDelegate.m in Sources */ = {isa = PBXBuildFile; fileRef = F67D332E18D413B5003924C5 /* AppDelegate.m */; };
		F67D333218D413B5003924C5 /* MainMenu.xib in Resources */ = {isa = PBXBuildFile; fileRef = F67D333018D413B5003924C5 /* MainMenu.xib */; };
		F67D333418D413B5003924C5 /* Images.xcassets in Resources */ = {isa = PBXBuildFile; fileRef = F67D333318D413B5003924C5 /* Images.xcassets */; };
		F67D333B18D413B6003924C5 /* XCTest.framework in Frameworks */ = {isa = PBXBuildFile; fileRef = F67D333A18D413B6003924C5 /* XCTest.framework */; };
		F67D333C18D413B6003924C5 /* Cocoa.framework in Frameworks */ = {isa = PBXBuildFile; fileRef = F67D331B18D413B5003924C5 /* Cocoa.framework */; };
		F67D334418D413B6003924C5 /* InfoPlist.strings in Resources */ = {isa = PBXBuildFile; fileRef = F67D334218D413B6003924C5 /* InfoPlist.strings */; };
		F67D334618D413B6003924C5 /* Batch_SearchTests.m in Sources */ = {isa = PBXBuildFile; fileRef = F67D334518D413B6003924C5 /* Batch_SearchTests.m */; };
		F67D335018D416A0003924C5 /* mainWindow.xib in Resources */ = {isa = PBXBuildFile; fileRef = F67D334F18D416A0003924C5 /* mainWindow.xib */; };
/* End PBXBuildFile section */

/* Begin PBXContainerItemProxy section */
		F67D333D18D413B6003924C5 /* PBXContainerItemProxy */ = {
			isa = PBXContainerItemProxy;
			containerPortal = F67D331018D413B4003924C5 /* Project object */;
			proxyType = 1;
			remoteGlobalIDString = F67D331718D413B4003924C5;
			remoteInfo = "Batch Search";
		};
/* End PBXContainerItemProxy section */

/* Begin PBXFileReference section */
		F67D331818D413B5003924C5 /* Batch Search.app */ = {isa = PBXFileReference; explicitFileType = wrapper.application; includeInIndex = 0; path = "Batch Search.app"; sourceTree = BUILT_PRODUCTS_DIR; };
		F67D331B18D413B5003924C5 /* Cocoa.framework */ = {isa = PBXFileReference; lastKnownFileType = wrapper.framework; name = Cocoa.framework; path = System/Library/Frameworks/Cocoa.framework; sourceTree = SDKROOT; };
		F67D331E18D413B5003924C5 /* AppKit.framework */ = {isa = PBXFileReference; lastKnownFileType = wrapper.framework; name = AppKit.framework; path = System/Library/Frameworks/AppKit.framework; sourceTree = SDKROOT; };
		F67D331F18D413B5003924C5 /* CoreData.framework */ = {isa = PBXFileReference; lastKnownFileType = wrapper.framework; name = CoreData.framework; path = System/Library/Frameworks/CoreData.framework; sourceTree = SDKROOT; };
		F67D332018D413B5003924C5 /* Foundation.framework */ = {isa = PBXFileReference; lastKnownFileType = wrapper.framework; name = Foundation.framework; path = System/Library/Frameworks/Foundation.framework; sourceTree = SDKROOT; };
		F67D332318D413B5003924C5 /* Batch Search-Info.plist */ = {isa = PBXFileReference; lastKnownFileType = text.plist.xml; path = "Batch Search-Info.plist"; sourceTree = "<group>"; };
		F67D332518D413B5003924C5 /* en */ = {isa = PBXFileReference; lastKnownFileType = text.plist.strings; name = en; path = en.lproj/InfoPlist.strings; sourceTree = "<group>"; };
		F67D332718D413B5003924C5 /* main.m */ = {isa = PBXFileReference; lastKnownFileType = sourcecode.c.objc; path = main.m; sourceTree = "<group>"; };
		F67D332918D413B5003924C5 /* Batch Search-Prefix.pch */ = {isa = PBXFileReference; lastKnownFileType = sourcecode.c.h; path = "Batch Search-Prefix.pch"; sourceTree = "<group>"; };
		F67D332B18D413B5003924C5 /* en */ = {isa = PBXFileReference; lastKnownFileType = text.rtf; name = en; path = en.lproj/Credits.rtf; sourceTree = "<group>"; };
		F67D332D18D413B5003924C5 /* AppDelegate.h */ = {isa = PBXFileReference; lastKnownFileType = sourcecode.c.h; path = AppDelegate.h; sourceTree = "<group>"; };
		F67D332E18D413B5003924C5 /* AppDelegate.m */ = {isa = PBXFileReference; lastKnownFileType = sourcecode.c.objc; path = AppDelegate.m; sourceTree = "<group>"; };
		F67D333118D413B5003924C5 /* Base */ = {isa = PBXFileReference; lastKnownFileType = file.xib; name = Base; path = Base.lproj/MainMenu.xib; sourceTree = "<group>"; };
		F67D333318D413B5003924C5 /* Images.xcassets */ = {isa = PBXFileReference; lastKnownFileType = folder.assetcatalog; path = Images.xcassets; sourceTree = "<group>"; };
		F67D333918D413B6003924C5 /* Batch SearchTests.xctest */ = {isa = PBXFileReference; explicitFileType = wrapper.cfbundle; includeInIndex = 0; path = "Batch SearchTests.xctest"; sourceTree = BUILT_PRODUCTS_DIR; };
		F67D333A18D413B6003924C5 /* XCTest.framework */ = {isa = PBXFileReference; lastKnownFileType = wrapper.framework; name = XCTest.framework; path = Library/Frameworks/XCTest.framework; sourceTree = DEVELOPER_DIR; };
		F67D334118D413B6003924C5 /* Batch SearchTests-Info.plist */ = {isa = PBXFileReference; lastKnownFileType = text.plist.xml; path = "Batch SearchTests-Info.plist"; sourceTree = "<group>"; };
		F67D334318D413B6003924C5 /* en */ = {isa = PBXFileReference; lastKnownFileType = text.plist.strings; name = en; path = en.lproj/InfoPlist.strings; sourceTree = "<group>"; };
		F67D334518D413B6003924C5 /* Batch_SearchTests.m */ = {isa = PBXFileReference; lastKnownFileType = sourcecode.c.objc; path = Batch_SearchTests.m; sourceTree = "<group>"; };
		F67D334F18D416A0003924C5 /* mainWindow.xib */ = {isa = PBXFileReference; fileEncoding = 4; lastKnownFileType = file.xib; name = mainWindow.xib; path = ../mainWindow.xib; sourceTree = "<group>"; };
/* End PBXFileReference section */

/* Begin PBXFrameworksBuildPhase section */
		F67D331518D413B4003924C5 /* Frameworks */ = {
			isa = PBXFrameworksBuildPhase;
			buildActionMask = 2147483647;
			files = (
				F67D331C18D413B5003924C5 /* Cocoa.framework in Frameworks */,
			);
			runOnlyForDeploymentPostprocessing = 0;
		};
		F67D333618D413B6003924C5 /* Frameworks */ = {
			isa = PBXFrameworksBuildPhase;
			buildActionMask = 2147483647;
			files = (
				F67D333C18D413B6003924C5 /* Cocoa.framework in Frameworks */,
				F67D333B18D413B6003924C5 /* XCTest.framework in Frameworks */,
			);
			runOnlyForDeploymentPostprocessing = 0;
		};
/* End PBXFrameworksBuildPhase section */

/* Begin PBXGroup section */
		F67D330F18D413B3003924C5 = {
			isa = PBXGroup;
			children = (
				F67D332118D413B5003924C5 /* Batch Search */,
				F67D333F18D413B6003924C5 /* Batch SearchTests */,
				F67D331A18D413B5003924C5 /* Frameworks */,
				F67D331918D413B5003924C5 /* Products */,
			);
			sourceTree = "<group>";
		};
		F67D331918D413B5003924C5 /* Products */ = {
			isa = PBXGroup;
			children = (
				F67D331818D413B5003924C5 /* Batch Search.app */,
				F67D333918D413B6003924C5 /* Batch SearchTests.xctest */,
			);
			name = Products;
			sourceTree = "<group>";
		};
		F67D331A18D413B5003924C5 /* Frameworks */ = {
			isa = PBXGroup;
			children = (
				F67D331B18D413B5003924C5 /* Cocoa.framework */,
				F67D333A18D413B6003924C5 /* XCTest.framework */,
				F67D331D18D413B5003924C5 /* Other Frameworks */,
			);
			name = Frameworks;
			sourceTree = "<group>";
		};
		F67D331D18D413B5003924C5 /* Other Frameworks */ = {
			isa = PBXGroup;
			children = (
				F67D331E18D413B5003924C5 /* AppKit.framework */,
				F67D331F18D413B5003924C5 /* CoreData.framework */,
				F67D332018D413B5003924C5 /* Foundation.framework */,
			);
			name = "Other Frameworks";
			sourceTree = "<group>";
		};
		F67D332118D413B5003924C5 /* Batch Search */ = {
			isa = PBXGroup;
			children = (
				F67D334F18D416A0003924C5 /* mainWindow.xib */,
				F67D332D18D413B5003924C5 /* AppDelegate.h */,
				F67D332E18D413B5003924C5 /* AppDelegate.m */,
				F67D333018D413B5003924C5 /* MainMenu.xib */,
				F67D333318D413B5003924C5 /* Images.xcassets */,
				F67D332218D413B5003924C5 /* Supporting Files */,
			);
			path = "Batch Search";
			sourceTree = "<group>";
		};
		F67D332218D413B5003924C5 /* Supporting Files */ = {
			isa = PBXGroup;
			children = (
				F67D332318D413B5003924C5 /* Batch Search-Info.plist */,
				F67D332418D413B5003924C5 /* InfoPlist.strings */,
				F67D332718D413B5003924C5 /* main.m */,
				F67D332918D413B5003924C5 /* Batch Search-Prefix.pch */,
				F67D332A18D413B5003924C5 /* Credits.rtf */,
			);
			name = "Supporting Files";
			sourceTree = "<group>";
		};
		F67D333F18D413B6003924C5 /* Batch SearchTests */ = {
			isa = PBXGroup;
			children = (
				F67D334518D413B6003924C5 /* Batch_SearchTests.m */,
				F67D334018D413B6003924C5 /* Supporting Files */,
			);
			path = "Batch SearchTests";
			sourceTree = "<group>";
		};
		F67D334018D413B6003924C5 /* Supporting Files */ = {
			isa = PBXGroup;
			children = (
				F67D334118D413B6003924C5 /* Batch SearchTests-Info.plist */,
				F67D334218D413B6003924C5 /* InfoPlist.strings */,
			);
			name = "Supporting Files";
			sourceTree = "<group>";
		};
/* End PBXGroup section */

/* Begin PBXNativeTarget section */
		F67D331718D413B4003924C5 /* Batch Search */ = {
			isa = PBXNativeTarget;
			buildConfigurationList = F67D334918D413B6003924C5 /* Build configuration list for PBXNativeTarget "Batch Search" */;
			buildPhases = (
				F67D331418D413B4003924C5 /* Sources */,
				F67D331518D413B4003924C5 /* Frameworks */,
				F67D331618D413B4003924C5 /* Resources */,
			);
			buildRules = (
			);
			dependencies = (
			);
			name = "Batch Search";
			productName = "Batch Search";
			productReference = F67D331818D413B5003924C5 /* Batch Search.app */;
			productType = "com.apple.product-type.application";
		};
		F67D333818D413B6003924C5 /* Batch SearchTests */ = {
			isa = PBXNativeTarget;
			buildConfigurationList = F67D334C18D413B6003924C5 /* Build configuration list for PBXNativeTarget "Batch SearchTests" */;
			buildPhases = (
				F67D333518D413B6003924C5 /* Sources */,
				F67D333618D413B6003924C5 /* Frameworks */,
				F67D333718D413B6003924C5 /* Resources */,
			);
			buildRules = (
			);
			dependencies = (
				F67D333E18D413B6003924C5 /* PBXTargetDependency */,
			);
			name = "Batch SearchTests";
			productName = "Batch SearchTests";
			productReference = F67D333918D413B6003924C5 /* Batch SearchTests.xctest */;
			productType = "com.apple.product-type.bundle.unit-test";
		};
/* End PBXNativeTarget section */

/* Begin PBXProject section */
		F67D331018D413B4003924C5 /* Project object */ = {
			isa = PBXProject;
			attributes = {
				LastUpgradeCheck = 0500;
				ORGANIZATIONNAME = "David Wade Hagar";
				TargetAttributes = {
					F67D333818D413B6003924C5 = {
						TestTargetID = F67D331718D413B4003924C5;
					};
				};
			};
			buildConfigurationList = F67D331318D413B4003924C5 /* Build configuration list for PBXProject "Batch Search" */;
			compatibilityVersion = "Xcode 3.2";
			developmentRegion = English;
			hasScannedForEncodings = 0;
			knownRegions = (
				en,
				Base,
			);
			mainGroup = F67D330F18D413B3003924C5;
			productRefGroup = F67D331918D413B5003924C5 /* Products */;
			projectDirPath = "";
			projectRoot = "";
			targets = (
				F67D331718D413B4003924C5 /* Batch Search */,
				F67D333818D413B6003924C5 /* Batch SearchTests */,
			);
		};
/* End PBXProject section */

/* Begin PBXResourcesBuildPhase section */
		F67D331618D413B4003924C5 /* Resources */ = {
			isa = PBXResourcesBuildPhase;
			buildActionMask = 2147483647;
			files = (
				F67D332618D413B5003924C5 /* InfoPlist.strings in Resources */,
				F67D335018D416A0003924C5 /* mainWindow.xib in Resources */,
				F67D333418D413B5003924C5 /* Images.xcassets in Resources */,
				F67D332C18D413B5003924C5 /* Credits.rtf in Resources */,
				F67D333218D413B5003924C5 /* MainMenu.xib in Resources */,
			);
			runOnlyForDeploymentPostprocessing = 0;
		};
		F67D333718D413B6003924C5 /* Resources */ = {
			isa = PBXResourcesBuildPhase;
			buildActionMask = 2147483647;
			files = (
				F67D334418D413B6003924C5 /* InfoPlist.strings in Resources */,
			);
			runOnlyForDeploymentPostprocessing = 0;
		};
/* End PBXResourcesBuildPhase section */

/* Begin PBXSourcesBuildPhase section */
		F67D331418D413B4003924C5 /* Sources */ = {
			isa = PBXSourcesBuildPhase;
			buildActionMask = 2147483647;
			files = (
				F67D332F18D413B5003924C5 /* AppDelegate.m in Sources */,
				F67D332818D413B5003924C5 /* main.m in Sources */,
			);
			runOnlyForDeploymentPostprocessing = 0;
		};
		F67D333518D413B6003924C5 /* Sources */ = {
			isa = PBXSourcesBuildPhase;
			buildActionMask = 2147483647;
			files = (
				F67D334618D413B6003924C5 /* Batch_SearchTests.m in Sources */,
			);
			runOnlyForDeploymentPostprocessing = 0;
		};
/* End PBXSourcesBuildPhase section */

/* Begin PBXTargetDependency section */
		F67D333E18D413B6003924C5 /* PBXTargetDependency */ = {
			isa = PBXTargetDependency;
			target = F67D331718D413B4003924C5 /* Batch Search */;
			targetProxy = F67D333D18D413B6003924C5 /* PBXContainerItemProxy */;
		};
/* End PBXTargetDependency section */

/* Begin PBXVariantGroup section */
		F67D332418D413B5003924C5 /* InfoPlist.strings */ = {
			isa = PBXVariantGroup;
			children = (
				F67D332518D413B5003924C5 /* en */,
			);
			name = InfoPlist.strings;
			sourceTree = "<group>";
		};
		F67D332A18D413B5003924C5 /* Credits.rtf */ = {
			isa = PBXVariantGroup;
			children = (
				F67D332B18D413B5003924C5 /* en */,
			);
			name = Credits.rtf;
			sourceTree = "<group>";
		};
		F67D333018D413B5003924C5 /* MainMenu.xib */ = {
			isa = PBXVariantGroup;
			children = (
				F67D333118D413B5003924C5 /* Base */,
			);
			name = MainMenu.xib;
			sourceTree = "<group>";
		};
		F67D334218D413B6003924C5 /* InfoPlist.strings */ = {
			isa = PBXVariantGroup;
			children = (
				F67D334318D413B6003924C5 /* en */,
			);
			name = InfoPlist.strings;
			sourceTree = "<group>";
		};
/* End PBXVariantGroup section */

/* Begin XCBuildConfiguration section */
		F67D334718D413B6003924C5 /* Debug */ = {
			isa = XCBuildConfiguration;
			buildSettings = {
				ALWAYS_SEARCH_USER_PATHS = NO;
				CLANG_CXX_LANGUAGE_STANDARD = "gnu++0x";
				CLANG_CXX_LIBRARY = "libc++";
				CLANG_ENABLE_OBJC_ARC = YES;
				CLANG_WARN_BOOL_CONVERSION = YES;
				CLANG_WARN_CONSTANT_CONVERSION = YES;
				CLANG_WARN_DIRECT_OBJC_ISA_USAGE = YES_ERROR;
				CLANG_WARN_EMPTY_BODY = YES;
				CLANG_WARN_ENUM_CONVERSION = YES;
				CLANG_WARN_INT_CONVERSION = YES;
				CLANG_WARN_OBJC_ROOT_CLASS = YES_ERROR;
				CLANG_WARN__DUPLICATE_METHOD_MATCH = YES;
				COPY_PHASE_STRIP = NO;
				GCC_C_LANGUAGE_STANDARD = gnu99;
				GCC_DYNAMIC_NO_PIC = NO;
				GCC_ENABLE_OBJC_EXCEPTIONS = YES;
				GCC_OPTIMIZATION_LEVEL = 0;
				GCC_PREPROCESSOR_DEFINITIONS = (
					"DEBUG=1",
					"$(inherited)",
				);
				GCC_SYMBOLS_PRIVATE_EXTERN = NO;
				GCC_WARN_64_TO_32_BIT_CONVERSION = YES;
				GCC_WARN_ABOUT_RETURN_TYPE = YES_ERROR;
				GCC_WARN_UNDECLARED_SELECTOR = YES;
				GCC_WARN_UNINITIALIZED_AUTOS = YES;
				GCC_WARN_UNUSED_FUNCTION = YES;
				GCC_WARN_UNUSED_VARIABLE = YES;
				MACOSX_DEPLOYMENT_TARGET = 10.9;
				ONLY_ACTIVE_ARCH = YES;
				SDKROOT = macosx;
			};
			name = Debug;
		};
		F67D334818D413B6003924C5 /* Release */ = {
			isa = XCBuildConfiguration;
			buildSettings = {
				ALWAYS_SEARCH_USER_PATHS = NO;
				CLANG_CXX_LANGUAGE_STANDARD = "gnu++0x";
				CLANG_CXX_LIBRARY = "libc++";
				CLANG_ENABLE_OBJC_ARC = YES;
				CLANG_WARN_BOOL_CONVERSION = YES;
				CLANG_WARN_CONSTANT_CONVERSION = YES;
				CLANG_WARN_DIRECT_OBJC_ISA_USAGE = YES_ERROR;
				CLANG_WARN_EMPTY_BODY = YES;
				CLANG_WARN_ENUM_CONVERSION = YES;
				CLANG_WARN_INT_CONVERSION = YES;
				CLANG_WARN_OBJC_ROOT_CLASS = YES_ERROR;
				CLANG_WARN__DUPLICATE_METHOD_MATCH = YES;
				COPY_PHASE_STRIP = YES;
				DEBUG_INFORMATION_FORMAT = "dwarf-with-dsym";
				ENABLE_NS_ASSERTIONS = NO;
				GCC_C_LANGUAGE_STANDARD = gnu99;
				GCC_ENABLE_OBJC_EXCEPTIONS = YES;
				GCC_WARN_64_TO_32_BIT_CONVERSION = YES;
				GCC_WARN_ABOUT_RETURN_TYPE = YES_ERROR;
				GCC_WARN_UNDECLARED_SELECTOR = YES;
				GCC_WARN_UNINITIALIZED_AUTOS = YES;
				GCC_WARN_UNUSED_FUNCTION = YES;
				GCC_WARN_UNUSED_VARIABLE = YES;
				MACOSX_DEPLOYMENT_TARGET = 10.9;
				SDKROOT = macosx;
			};
			name = Release;
		};
		F67D334A18D413B6003924C5 /* Debug */ = {
			isa = XCBuildConfiguration;
			buildSettings = {
				ASSETCATALOG_COMPILER_APPICON_NAME = AppIcon;
				COMBINE_HIDPI_IMAGES = YES;
				GCC_PRECOMPILE_PREFIX_HEADER = YES;
				GCC_PREFIX_HEADER = "Batch Search/Batch Search-Prefix.pch";
				INFOPLIST_FILE = "Batch Search/Batch Search-Info.plist";
				PRODUCT_NAME = "$(TARGET_NAME)";
				WRAPPER_EXTENSION = app;
			};
			name = Debug;
		};
		F67D334B18D413B6003924C5 /* Release */ = {
			isa = XCBuildConfiguration;
			buildSettings = {
				ASSETCATALOG_COMPILER_APPICON_NAME = AppIcon;
				COMBINE_HIDPI_IMAGES = YES;
				GCC_PRECOMPILE_PREFIX_HEADER = YES;
				GCC_PREFIX_HEADER = "Batch Search/Batch Search-Prefix.pch";
				INFOPLIST_FILE = "Batch Search/Batch Search-Info.plist";
				PRODUCT_NAME = "$(TARGET_NAME)";
				WRAPPER_EXTENSION = app;
			};
			name = Release;
		};
		F67D334D18D413B6003924C5 /* Debug */ = {
			isa = XCBuildConfiguration;
			buildSettings = {
				BUNDLE_LOADER = "$(BUILT_PRODUCTS_DIR)/Batch Search.app/Contents/MacOS/Batch Search";
				COMBINE_HIDPI_IMAGES = YES;
				FRAMEWORK_SEARCH_PATHS = (
					"$(DEVELOPER_FRAMEWORKS_DIR)",
					"$(inherited)",
				);
				GCC_PRECOMPILE_PREFIX_HEADER = YES;
				GCC_PREFIX_HEADER = "Batch Search/Batch Search-Prefix.pch";
				GCC_PREPROCESSOR_DEFINITIONS = (
					"DEBUG=1",
					"$(inherited)",
				);
				INFOPLIST_FILE = "Batch SearchTests/Batch SearchTests-Info.plist";
				PRODUCT_NAME = "$(TARGET_NAME)";
				TEST_HOST = "$(BUNDLE_LOADER)";
				WRAPPER_EXTENSION = xctest;
			};
			name = Debug;
		};
		F67D334E18D413B6003924C5 /* Release */ = {
			isa = XCBuildConfiguration;
			buildSettings = {
				BUNDLE_LOADER = "$(BUILT_PRODUCTS_DIR)/Batch Search.app/Contents/MacOS/Batch Search";
				COMBINE_HIDPI_IMAGES = YES;
				FRAMEWORK_SEARCH_PATHS = (
					"$(DEVELOPER_FRAMEWORKS_DIR)",
					"$(inherited)",
				);
				GCC_PRECOMPILE_PREFIX_HEADER = YES;
				GCC_PREFIX_HEADER = "Batch Search/Batch Search-Prefix.pch";
				INFOPLIST_FILE = "Batch SearchTests/Batch SearchTests-Info.plist";
				PRODUCT_NAME = "$(TARGET_NAME)";
				TEST_HOST = "$(BUNDLE_LOADER)";
				WRAPPER_EXTENSION = xctest;
			};
			name = Release;
		};
/* End XCBuildConfiguration section */

/* Begin XCConfigurationList section */
		F67D331318D413B4003924C5 /* Build configuration list for PBXProject "Batch Search" */ = {
			isa = XCConfigurationList;
			buildConfigurations = (
				F67D334718D413B6003924C5 /* Debug */,
				F67D334818D413B6003924C5 /* Release */,
			);
			defaultConfigurationIsVisible = 0;
			defaultConfigurationName = Release;
		};
		F67D334918D413B6003924C5 /* Build configuration list for PBXNativeTarget "Batch Search" */ = {
			isa = XCConfigurationList;
			buildConfigurations = (
				F67D334A18D413B6003924C5 /* Debug */,
				F67D334B18D413B6003924C5 /* Release */,
			);
			defaultConfigurationIsVisible = 0;
		};
		F67D334C18D413B6003924C5 /* Build configuration list for PBXNativeTarget "Batch SearchTests" */ = {
			isa = XCConfigurationList;
			buildConfigurations = (
				F67D334D18D413B6003924C5 /* Debug */,
				F67D334E18D413B6003924C5 /* Release */,
			);
			defaultConfigurationIsVisible = 0;
		};
/* End XCConfigurationList section */
	};
	rootObject = F67D331018D413B4003924C5 /* Project object */;
}
